
Microsoft Visual Studio Solution File, Format Version 12.00
# Visual Studio Version 17
VisualStudioVersion = 17.9.34622.214
MinimumVisualStudioVersion = 10.0.40219.1
Project("{2150E333-8FDC-42A3-9474-1A3956D46DE8}") = "src", "src", "{E4D8648A-E5AD-4D77-A35B-AF93A1180BB1}"
EndProject
Project("{2150E333-8FDC-42A3-9474-1A3956D46DE8}") = "Gateway", "Gateway", "{DA7EB9FF-ACDA-4BB5-8F5F-2C3D2EAF51BA}"
EndProject
Project("{9A19103F-16F7-4668-BE54-9A1E7A4F7556}") = "Agriculture.Gateway.Web", "src\Gateway\Agriculture.Gateway.Web\Agriculture.Gateway.Web.csproj", "{0EBCDDF4-1273-440F-ACD0-03A9CACBC8C2}"
EndProject
Project("{2150E333-8FDC-42A3-9474-1A3956D46DE8}") = "Identity", "Identity", "{CD44828E-87D1-4E1E-A552-9CA3BE53FEAD}"
EndProject
Project("{9A19103F-16F7-4668-BE54-9A1E7A4F7556}") = "Agriculture.Identity.Web", "src\Identity\Agriculture.Identity.Web\Agriculture.Identity.Web.csproj", "{B51A487B-77E5-4C87-8E80-031BCBD9F27B}"
EndProject
Project("{9A19103F-16F7-4668-BE54-9A1E7A4F7556}") = "Agriculture.Identity.Application", "src\Identity\Agriculture.Identity.Application\Agriculture.Identity.Application.csproj", "{D89ECCF6-C251-4235-BB8C-BFA5822FE000}"
EndProject
Project("{9A19103F-16F7-4668-BE54-9A1E7A4F7556}") = "Agriculture.Identity.Domain", "src\Identity\Agriculture.Identity.Domain\Agriculture.Identity.Domain.csproj", "{10E34E9E-FA05-4EC8-84F7-C2355C8105C2}"
EndProject
Project("{9A19103F-16F7-4668-BE54-9A1E7A4F7556}") = "Agriculture.Identity.Infrastructure", "src\Identity\Agriculture.Identity.Infrastructure\Agriculture.Identity.Infrastructure.csproj", "{6BF38E83-A9A9-49A8-A4B1-F2F86ADFB221}"
EndProject
Project("{2150E333-8FDC-42A3-9474-1A3956D46DE8}") = "Shared", "Shared", "{17F888C8-BA82-4787-9451-016DE21640E8}"
EndProject
Project("{9A19103F-16F7-4668-BE54-9A1E7A4F7556}") = "Agriculture.Shared.Web", "src\Shared\Agriculture.Shared.Web\Agriculture.Shared.Web.csproj", "{A2364674-ADFC-432E-98CE-3D7D58A06EFA}"
EndProject
Project("{9A19103F-16F7-4668-BE54-9A1E7A4F7556}") = "Agriculture.Shared.Domain", "src\Shared\Agriculture.Shared.Domain\Agriculture.Shared.Domain.csproj", "{9B6ED4EA-95E5-4281-9551-236C899A3670}"
EndProject
Project("{9A19103F-16F7-4668-BE54-9A1E7A4F7556}") = "Agriculture.Shared.Infrastructure", "src\Shared\Agriculture.Shared.Infrastructure\Agriculture.Shared.Infrastructure.csproj", "{BE85DF5D-1F82-4D43-9A71-D8BDA8409C1C}"
EndProject
Project("{9A19103F-16F7-4668-BE54-9A1E7A4F7556}") = "Agriculture.Shared.Application", "src\Shared\Agriculture.Shared.Application\Agriculture.Shared.Application.csproj", "{3EEEF660-BF8C-4028-9D51-44B16B1D5579}"
EndProject
Project("{FAE04EC0-301F-11D3-BF4B-00C04F79EFBC}") = "Agriculture.Shared.Common", "src\Shared\Agriculture.Shared.Common\Agriculture.Shared.Common.csproj", "{A5C33D33-4969-4F42-A604-9F9A9B8D85C7}"
EndProject
Global
	GlobalSection(SolutionConfigurationPlatforms) = preSolution
		Debug|Any CPU = Debug|Any CPU
		Release|Any CPU = Release|Any CPU
	EndGlobalSection
	GlobalSection(ProjectConfigurationPlatforms) = postSolution
		{0EBCDDF4-1273-440F-ACD0-03A9CACBC8C2}.Debug|Any CPU.ActiveCfg = Debug|Any CPU
		{0EBCDDF4-1273-440F-ACD0-03A9CACBC8C2}.Debug|Any CPU.Build.0 = Debug|Any CPU
		{0EBCDDF4-1273-440F-ACD0-03A9CACBC8C2}.Release|Any CPU.ActiveCfg = Release|Any CPU
		{0EBCDDF4-1273-440F-ACD0-03A9CACBC8C2}.Release|Any CPU.Build.0 = Release|Any CPU
		{B51A487B-77E5-4C87-8E80-031BCBD9F27B}.Debug|Any CPU.ActiveCfg = Debug|Any CPU
		{B51A487B-77E5-4C87-8E80-031BCBD9F27B}.Debug|Any CPU.Build.0 = Debug|Any CPU
		{B51A487B-77E5-4C87-8E80-031BCBD9F27B}.Release|Any CPU.ActiveCfg = Release|Any CPU
		{B51A487B-77E5-4C87-8E80-031BCBD9F27B}.Release|Any CPU.Build.0 = Release|Any CPU
		{D89ECCF6-C251-4235-BB8C-BFA5822FE000}.Debug|Any CPU.ActiveCfg = Debug|Any CPU
		{D89ECCF6-C251-4235-BB8C-BFA5822FE000}.Debug|Any CPU.Build.0 = Debug|Any CPU
		{D89ECCF6-C251-4235-BB8C-BFA5822FE000}.Release|Any CPU.ActiveCfg = Release|Any CPU
		{D89ECCF6-C251-4235-BB8C-BFA5822FE000}.Release|Any CPU.Build.0 = Release|Any CPU
		{10E34E9E-FA05-4EC8-84F7-C2355C8105C2}.Debug|Any CPU.ActiveCfg = Debug|Any CPU
		{10E34E9E-FA05-4EC8-84F7-C2355C8105C2}.Debug|Any CPU.Build.0 = Debug|Any CPU
		{10E34E9E-FA05-4EC8-84F7-C2355C8105C2}.Release|Any CPU.ActiveCfg = Release|Any CPU
		{10E34E9E-FA05-4EC8-84F7-C2355C8105C2}.Release|Any CPU.Build.0 = Release|Any CPU
		{6BF38E83-A9A9-49A8-A4B1-F2F86ADFB221}.Debug|Any CPU.ActiveCfg = Debug|Any CPU
		{6BF38E83-A9A9-49A8-A4B1-F2F86ADFB221}.Debug|Any CPU.Build.0 = Debug|Any CPU
		{6BF38E83-A9A9-49A8-A4B1-F2F86ADFB221}.Release|Any CPU.ActiveCfg = Release|Any CPU
		{6BF38E83-A9A9-49A8-A4B1-F2F86ADFB221}.Release|Any CPU.Build.0 = Release|Any CPU
		{A2364674-ADFC-432E-98CE-3D7D58A06EFA}.Debug|Any CPU.ActiveCfg = Debug|Any CPU
		{A2364674-ADFC-432E-98CE-3D7D58A06EFA}.Debug|Any CPU.Build.0 = Debug|Any CPU
		{A2364674-ADFC-432E-98CE-3D7D58A06EFA}.Release|Any CPU.ActiveCfg = Release|Any CPU
		{A2364674-ADFC-432E-98CE-3D7D58A06EFA}.Release|Any CPU.Build.0 = Release|Any CPU
		{9B6ED4EA-95E5-4281-9551-236C899A3670}.Debug|Any CPU.ActiveCfg = Debug|Any CPU
		{9B6ED4EA-95E5-4281-9551-236C899A3670}.Debug|Any CPU.Build.0 = Debug|Any CPU
		{9B6ED4EA-95E5-4281-9551-236C899A3670}.Release|Any CPU.ActiveCfg = Release|Any CPU
		{9B6ED4EA-95E5-4281-9551-236C899A3670}.Release|Any CPU.Build.0 = Release|Any CPU
		{BE85DF5D-1F82-4D43-9A71-D8BDA8409C1C}.Debug|Any CPU.ActiveCfg = Debug|Any CPU
		{BE85DF5D-1F82-4D43-9A71-D8BDA8409C1C}.Debug|Any CPU.Build.0 = Debug|Any CPU
		{BE85DF5D-1F82-4D43-9A71-D8BDA8409C1C}.Release|Any CPU.ActiveCfg = Release|Any CPU
		{BE85DF5D-1F82-4D43-9A71-D8BDA8409C1C}.Release|Any CPU.Build.0 = Release|Any CPU
		{3EEEF660-BF8C-4028-9D51-44B16B1D5579}.Debug|Any CPU.ActiveCfg = Debug|Any CPU
		{3EEEF660-BF8C-4028-9D51-44B16B1D5579}.Debug|Any CPU.Build.0 = Debug|Any CPU
		{3EEEF660-BF8C-4028-9D51-44B16B1D5579}.Release|Any CPU.ActiveCfg = Release|Any CPU
		{3EEEF660-BF8C-4028-9D51-44B16B1D5579}.Release|Any CPU.Build.0 = Release|Any CPU
		{A5C33D33-4969-4F42-A604-9F9A9B8D85C7}.Debug|Any CPU.ActiveCfg = Debug|Any CPU
		{A5C33D33-4969-4F42-A604-9F9A9B8D85C7}.Debug|Any CPU.Build.0 = Debug|Any CPU
		{A5C33D33-4969-4F42-A604-9F9A9B8D85C7}.Release|Any CPU.ActiveCfg = Release|Any CPU
		{A5C33D33-4969-4F42-A604-9F9A9B8D85C7}.Release|Any CPU.Build.0 = Release|Any CPU
	EndGlobalSection
	GlobalSection(SolutionProperties) = preSolution
		HideSolutionNode = FALSE
	EndGlobalSection
	GlobalSection(NestedProjects) = preSolution
		{DA7EB9FF-ACDA-4BB5-8F5F-2C3D2EAF51BA} = {E4D8648A-E5AD-4D77-A35B-AF93A1180BB1}
		{0EBCDDF4-1273-440F-ACD0-03A9CACBC8C2} = {DA7EB9FF-ACDA-4BB5-8F5F-2C3D2EAF51BA}
		{CD44828E-87D1-4E1E-A552-9CA3BE53FEAD} = {E4D8648A-E5AD-4D77-A35B-AF93A1180BB1}
		{B51A487B-77E5-4C87-8E80-031BCBD9F27B} = {CD44828E-87D1-4E1E-A552-9CA3BE53FEAD}
		{D89ECCF6-C251-4235-BB8C-BFA5822FE000} = {CD44828E-87D1-4E1E-A552-9CA3BE53FEAD}
		{10E34E9E-FA05-4EC8-84F7-C2355C8105C2} = {CD44828E-87D1-4E1E-A552-9CA3BE53FEAD}
		{6BF38E83-A9A9-49A8-A4B1-F2F86ADFB221} = {CD44828E-87D1-4E1E-A552-9CA3BE53FEAD}
		{17F888C8-BA82-4787-9451-016DE21640E8} = {E4D8648A-E5AD-4D77-A35B-AF93A1180BB1}
		{A2364674-ADFC-432E-98CE-3D7D58A06EFA} = {17F888C8-BA82-4787-9451-016DE21640E8}
		{9B6ED4EA-95E5-4281-9551-236C899A3670} = {17F888C8-BA82-4787-9451-016DE21640E8}
		{BE85DF5D-1F82-4D43-9A71-D8BDA8409C1C} = {17F888C8-BA82-4787-9451-016DE21640E8}
		{3EEEF660-BF8C-4028-9D51-44B16B1D5579} = {17F888C8-BA82-4787-9451-016DE21640E8}
		{A5C33D33-4969-4F42-A604-9F9A9B8D85C7} = {17F888C8-BA82-4787-9451-016DE21640E8}
	EndGlobalSection
	GlobalSection(ExtensibilityGlobals) = postSolution
		SolutionGuid = {2AF23295-C69C-4EE6-835E-001C1A7CA4C7}
	EndGlobalSection
EndGlobal
